{
  "name": "node",
  "version": "1.0.0",
  "lockfileVersion": 1,
  "requires": true,
  "dependencies": {
    "nan": {
      "version": "2.15.0",
      "resolved": "https://registry.npmjs.org/nan/-/nan-2.15.0.tgz",
      "integrity": "sha512-8ZtvEnA2c5aYCZYd1cvgdnU6cqwixRoYg70xPLWUws5ORTa/lnw+u4amixRS/Ac5U5mQVgp9pnlSUnbNWFaWZQ=="
    },
    "posix": {
      "version": "4.2.0",
      "resolved": "https://registry.npmjs.org/posix/-/posix-4.2.0.tgz",
      "integrity": "sha512-JbxfT0Fxy/SG10LSkKX1C75iULYfAJqYCwwmM6J0+zh2vl/bE51CqaqvSpdZWg7YAwiuDIoBI6j7in+n3GgXSw==",
      "requires": {
        "nan": "^2.14.x"
      }
    },
    "prettier": {
      "version": "2.0.5",
      "resolved": "https://registry.npmjs.org/prettier/-/prettier-2.0.5.tgz",
      "integrity": "sha512-7PtVymN48hGcO4fGjybyBSIWDsLU4H4XlvOHfq91pz9kkGlonzwTfYkaIEwiRg/dAJF9YlbsduBAgtYLi+8cFg=="
    }
  }
}
